
Microsoft Visual Studio Solution File, Format Version 12.00
# TcXaeShell Solution File, Format Version 11.00
VisualStudioVersion = 15.0.28307.2092
MinimumVisualStudioVersion = 10.0.40219.1
Project("{B1E792BE-AA5F-4E3C-8C82-674BF9C0715B}") = "Hydro Project - Area 2", "Hydro Project - Area 2\Hydro Project - Area 2.tsproj", "{52F8C55F-963A-4E61-A688-7248C74BFA8C}"
EndProject
Project("{FE7A1B72-C5B7-4D7C-BB7D-76384D4DE8E1}") = "TcHmiProject2", "TcHmiProject2\TcHmiProject2.hmiproj", "{336507D1-F429-4812-ACFD-A7DF489A2A43}"
EndProject
Project("{BACAAE27-5D5D-4513-97FF-0FED82FEF961}") = "Empty TwinCAT Database Server Project1", "Empty TwinCAT Database Server Project1\Empty TwinCAT Database Server Project1.tcconnproj", "{DF885992-8D53-480F-BBD1-3641579E6367}"
EndProject
Global
	GlobalSection(SolutionConfigurationPlatforms) = preSolution
		Debug|TwinCAT CE7 (ARMV7) = Debug|TwinCAT CE7 (ARMV7)
		Debug|TwinCAT HMI = Debug|TwinCAT HMI
		Debug|TwinCAT OS (ARMT2) = Debug|TwinCAT OS (ARMT2)
		Debug|TwinCAT OS (x64) = Debug|TwinCAT OS (x64)
		Debug|TwinCAT RT (x64) = Debug|TwinCAT RT (x64)
		Debug|TwinCAT RT (x86) = Debug|TwinCAT RT (x86)
		Debug|TwinCAT UM (x64) = Debug|TwinCAT UM (x64)
		Debug|TwinCAT UM (x86) = Debug|TwinCAT UM (x86)
		Release|TwinCAT CE7 (ARMV7) = Release|TwinCAT CE7 (ARMV7)
		Release|TwinCAT HMI = Release|TwinCAT HMI
		Release|TwinCAT OS (ARMT2) = Release|TwinCAT OS (ARMT2)
		Release|TwinCAT OS (x64) = Release|TwinCAT OS (x64)
		Release|TwinCAT RT (x64) = Release|TwinCAT RT (x64)
		Release|TwinCAT RT (x86) = Release|TwinCAT RT (x86)
		Release|TwinCAT UM (x64) = Release|TwinCAT UM (x64)
		Release|TwinCAT UM (x86) = Release|TwinCAT UM (x86)
	EndGlobalSection
	GlobalSection(ProjectConfigurationPlatforms) = postSolution
		{52F8C55F-963A-4E61-A688-7248C74BFA8C}.Debug|TwinCAT CE7 (ARMV7).ActiveCfg = Debug|TwinCAT CE7 (ARMV7)
		{52F8C55F-963A-4E61-A688-7248C74BFA8C}.Debug|TwinCAT CE7 (ARMV7).Build.0 = Debug|TwinCAT CE7 (ARMV7)
		{52F8C55F-963A-4E61-A688-7248C74BFA8C}.Debug|TwinCAT HMI.ActiveCfg = Debug|TwinCAT RT (x86)
		{52F8C55F-963A-4E61-A688-7248C74BFA8C}.Debug|TwinCAT OS (ARMT2).ActiveCfg = Debug|TwinCAT OS (ARMT2)
		{52F8C55F-963A-4E61-A688-7248C74BFA8C}.Debug|TwinCAT OS (ARMT2).Build.0 = Debug|TwinCAT OS (ARMT2)
		{52F8C55F-963A-4E61-A688-7248C74BFA8C}.Debug|TwinCAT OS (x64).ActiveCfg = Debug|TwinCAT RT (x64)
		{52F8C55F-963A-4E61-A688-7248C74BFA8C}.Debug|TwinCAT OS (x64).Build.0 = Debug|TwinCAT RT (x64)
		{52F8C55F-963A-4E61-A688-7248C74BFA8C}.Debug|TwinCAT RT (x64).ActiveCfg = Debug|TwinCAT RT (x64)
		{52F8C55F-963A-4E61-A688-7248C74BFA8C}.Debug|TwinCAT RT (x64).Build.0 = Debug|TwinCAT RT (x64)
		{52F8C55F-963A-4E61-A688-7248C74BFA8C}.Debug|TwinCAT RT (x86).ActiveCfg = Debug|TwinCAT RT (x86)
		{52F8C55F-963A-4E61-A688-7248C74BFA8C}.Debug|TwinCAT RT (x86).Build.0 = Debug|TwinCAT RT (x86)
		{52F8C55F-963A-4E61-A688-7248C74BFA8C}.Debug|TwinCAT UM (x64).ActiveCfg = Debug|TwinCAT RT (x64)
		{52F8C55F-963A-4E61-A688-7248C74BFA8C}.Debug|TwinCAT UM (x86).ActiveCfg = Debug|TwinCAT RT (x86)
		{52F8C55F-963A-4E61-A688-7248C74BFA8C}.Debug|TwinCAT UM (x86).Build.0 = Debug|TwinCAT RT (x86)
		{52F8C55F-963A-4E61-A688-7248C74BFA8C}.Release|TwinCAT CE7 (ARMV7).ActiveCfg = Release|TwinCAT CE7 (ARMV7)
		{52F8C55F-963A-4E61-A688-7248C74BFA8C}.Release|TwinCAT CE7 (ARMV7).Build.0 = Release|TwinCAT CE7 (ARMV7)
		{52F8C55F-963A-4E61-A688-7248C74BFA8C}.Release|TwinCAT HMI.ActiveCfg = Release|TwinCAT RT (x86)
		{52F8C55F-963A-4E61-A688-7248C74BFA8C}.Release|TwinCAT OS (ARMT2).ActiveCfg = Release|TwinCAT OS (ARMT2)
		{52F8C55F-963A-4E61-A688-7248C74BFA8C}.Release|TwinCAT OS (ARMT2).Build.0 = Release|TwinCAT OS (ARMT2)
		{52F8C55F-963A-4E61-A688-7248C74BFA8C}.Release|TwinCAT OS (x64).ActiveCfg = Release|TwinCAT RT (x64)
		{52F8C55F-963A-4E61-A688-7248C74BFA8C}.Release|TwinCAT OS (x64).Build.0 = Release|TwinCAT RT (x64)
		{52F8C55F-963A-4E61-A688-7248C74BFA8C}.Release|TwinCAT RT (x64).ActiveCfg = Release|TwinCAT RT (x64)
		{52F8C55F-963A-4E61-A688-7248C74BFA8C}.Release|TwinCAT RT (x64).Build.0 = Release|TwinCAT RT (x64)
		{52F8C55F-963A-4E61-A688-7248C74BFA8C}.Release|TwinCAT RT (x86).ActiveCfg = Release|TwinCAT RT (x86)
		{52F8C55F-963A-4E61-A688-7248C74BFA8C}.Release|TwinCAT RT (x86).Build.0 = Release|TwinCAT RT (x86)
		{52F8C55F-963A-4E61-A688-7248C74BFA8C}.Release|TwinCAT UM (x64).ActiveCfg = Release|TwinCAT RT (x64)
		{52F8C55F-963A-4E61-A688-7248C74BFA8C}.Release|TwinCAT UM (x86).ActiveCfg = Release|TwinCAT RT (x86)
		{52F8C55F-963A-4E61-A688-7248C74BFA8C}.Release|TwinCAT UM (x86).Build.0 = Release|TwinCAT RT (x86)
		{336507D1-F429-4812-ACFD-A7DF489A2A43}.Debug|TwinCAT CE7 (ARMV7).ActiveCfg = Debug|TwinCAT HMI
		{336507D1-F429-4812-ACFD-A7DF489A2A43}.Debug|TwinCAT HMI.ActiveCfg = Debug|TwinCAT HMI
		{336507D1-F429-4812-ACFD-A7DF489A2A43}.Debug|TwinCAT HMI.Build.0 = Debug|TwinCAT HMI
		{336507D1-F429-4812-ACFD-A7DF489A2A43}.Debug|TwinCAT OS (ARMT2).ActiveCfg = Debug|TwinCAT HMI
		{336507D1-F429-4812-ACFD-A7DF489A2A43}.Debug|TwinCAT OS (x64).ActiveCfg = Debug|TwinCAT HMI
		{336507D1-F429-4812-ACFD-A7DF489A2A43}.Debug|TwinCAT RT (x64).ActiveCfg = Debug|TwinCAT HMI
		{336507D1-F429-4812-ACFD-A7DF489A2A43}.Debug|TwinCAT RT (x86).ActiveCfg = Debug|TwinCAT HMI
		{336507D1-F429-4812-ACFD-A7DF489A2A43}.Debug|TwinCAT UM (x64).ActiveCfg = Debug|TwinCAT HMI
		{336507D1-F429-4812-ACFD-A7DF489A2A43}.Debug|TwinCAT UM (x86).ActiveCfg = Debug|TwinCAT HMI
		{336507D1-F429-4812-ACFD-A7DF489A2A43}.Release|TwinCAT CE7 (ARMV7).ActiveCfg = Release|TwinCAT HMI
		{336507D1-F429-4812-ACFD-A7DF489A2A43}.Release|TwinCAT HMI.ActiveCfg = Release|TwinCAT HMI
		{336507D1-F429-4812-ACFD-A7DF489A2A43}.Release|TwinCAT HMI.Build.0 = Release|TwinCAT HMI
		{336507D1-F429-4812-ACFD-A7DF489A2A43}.Release|TwinCAT OS (ARMT2).ActiveCfg = Release|TwinCAT HMI
		{336507D1-F429-4812-ACFD-A7DF489A2A43}.Release|TwinCAT OS (x64).ActiveCfg = Release|TwinCAT HMI
		{336507D1-F429-4812-ACFD-A7DF489A2A43}.Release|TwinCAT RT (x64).ActiveCfg = Release|TwinCAT HMI
		{336507D1-F429-4812-ACFD-A7DF489A2A43}.Release|TwinCAT RT (x86).ActiveCfg = Release|TwinCAT HMI
		{336507D1-F429-4812-ACFD-A7DF489A2A43}.Release|TwinCAT UM (x64).ActiveCfg = Release|TwinCAT HMI
		{336507D1-F429-4812-ACFD-A7DF489A2A43}.Release|TwinCAT UM (x86).ActiveCfg = Release|TwinCAT HMI
		{DF885992-8D53-480F-BBD1-3641579E6367}.Debug|TwinCAT CE7 (ARMV7).ActiveCfg = Debug|TwinCAT CE7 (ARMV7)
		{DF885992-8D53-480F-BBD1-3641579E6367}.Debug|TwinCAT HMI.ActiveCfg = Debug|TwinCAT OS (ARMT2)
		{DF885992-8D53-480F-BBD1-3641579E6367}.Debug|TwinCAT OS (ARMT2).ActiveCfg = Debug|TwinCAT OS (ARMT2)
		{DF885992-8D53-480F-BBD1-3641579E6367}.Debug|TwinCAT OS (x64).ActiveCfg = Debug|TwinCAT OS (ARMT2)
		{DF885992-8D53-480F-BBD1-3641579E6367}.Debug|TwinCAT RT (x64).ActiveCfg = Debug|TwinCAT RT (x64)
		{DF885992-8D53-480F-BBD1-3641579E6367}.Debug|TwinCAT RT (x86).ActiveCfg = Debug|TwinCAT RT (x86)
		{DF885992-8D53-480F-BBD1-3641579E6367}.Debug|TwinCAT UM (x64).ActiveCfg = Debug|TwinCAT OS (ARMT2)
		{DF885992-8D53-480F-BBD1-3641579E6367}.Debug|TwinCAT UM (x86).ActiveCfg = Debug|TwinCAT OS (ARMT2)
		{DF885992-8D53-480F-BBD1-3641579E6367}.Release|TwinCAT CE7 (ARMV7).ActiveCfg = Release|TwinCAT CE7 (ARMV7)
		{DF885992-8D53-480F-BBD1-3641579E6367}.Release|TwinCAT HMI.ActiveCfg = Release|TwinCAT OS (ARMT2)
		{DF885992-8D53-480F-BBD1-3641579E6367}.Release|TwinCAT OS (ARMT2).ActiveCfg = Release|TwinCAT OS (ARMT2)
		{DF885992-8D53-480F-BBD1-3641579E6367}.Release|TwinCAT OS (x64).ActiveCfg = Release|TwinCAT OS (ARMT2)
		{DF885992-8D53-480F-BBD1-3641579E6367}.Release|TwinCAT RT (x64).ActiveCfg = Release|TwinCAT RT (x64)
		{DF885992-8D53-480F-BBD1-3641579E6367}.Release|TwinCAT RT (x86).ActiveCfg = Release|TwinCAT RT (x86)
		{DF885992-8D53-480F-BBD1-3641579E6367}.Release|TwinCAT UM (x64).ActiveCfg = Release|TwinCAT OS (ARMT2)
		{DF885992-8D53-480F-BBD1-3641579E6367}.Release|TwinCAT UM (x86).ActiveCfg = Release|TwinCAT OS (ARMT2)
		{E4C31D2B-679A-4B63-A160-76D77225E648}.Debug|TwinCAT CE7 (ARMV7).ActiveCfg = Debug|TwinCAT CE7 (ARMV7)
		{E4C31D2B-679A-4B63-A160-76D77225E648}.Debug|TwinCAT CE7 (ARMV7).Build.0 = Debug|TwinCAT CE7 (ARMV7)
		{E4C31D2B-679A-4B63-A160-76D77225E648}.Debug|TwinCAT HMI.ActiveCfg = Debug|TwinCAT OS (ARMT2)
		{E4C31D2B-679A-4B63-A160-76D77225E648}.Debug|TwinCAT OS (ARMT2).ActiveCfg = Debug|TwinCAT OS (ARMT2)
		{E4C31D2B-679A-4B63-A160-76D77225E648}.Debug|TwinCAT OS (ARMT2).Build.0 = Debug|TwinCAT OS (ARMT2)
		{E4C31D2B-679A-4B63-A160-76D77225E648}.Debug|TwinCAT OS (x64).ActiveCfg = Debug|TwinCAT RT (x64)
		{E4C31D2B-679A-4B63-A160-76D77225E648}.Debug|TwinCAT OS (x64).Build.0 = Debug|TwinCAT RT (x64)
		{E4C31D2B-679A-4B63-A160-76D77225E648}.Debug|TwinCAT RT (x64).ActiveCfg = Debug|TwinCAT RT (x64)
		{E4C31D2B-679A-4B63-A160-76D77225E648}.Debug|TwinCAT RT (x64).Build.0 = Debug|TwinCAT RT (x64)
		{E4C31D2B-679A-4B63-A160-76D77225E648}.Debug|TwinCAT RT (x86).ActiveCfg = Debug|TwinCAT RT (x86)
		{E4C31D2B-679A-4B63-A160-76D77225E648}.Debug|TwinCAT RT (x86).Build.0 = Debug|TwinCAT RT (x86)
		{E4C31D2B-679A-4B63-A160-76D77225E648}.Debug|TwinCAT UM (x64).ActiveCfg = Debug|TwinCAT RT (x64)
		{E4C31D2B-679A-4B63-A160-76D77225E648}.Debug|TwinCAT UM (x64).Build.0 = Debug|TwinCAT RT (x64)
		{E4C31D2B-679A-4B63-A160-76D77225E648}.Debug|TwinCAT UM (x86).ActiveCfg = Debug|TwinCAT RT (x86)
		{E4C31D2B-679A-4B63-A160-76D77225E648}.Release|TwinCAT CE7 (ARMV7).ActiveCfg = Release|TwinCAT CE7 (ARMV7)
		{E4C31D2B-679A-4B63-A160-76D77225E648}.Release|TwinCAT CE7 (ARMV7).Build.0 = Release|TwinCAT CE7 (ARMV7)
		{E4C31D2B-679A-4B63-A160-76D77225E648}.Release|TwinCAT HMI.ActiveCfg = Release|TwinCAT OS (ARMT2)
		{E4C31D2B-679A-4B63-A160-76D77225E648}.Release|TwinCAT OS (ARMT2).ActiveCfg = Release|TwinCAT OS (ARMT2)
		{E4C31D2B-679A-4B63-A160-76D77225E648}.Release|TwinCAT OS (ARMT2).Build.0 = Release|TwinCAT OS (ARMT2)
		{E4C31D2B-679A-4B63-A160-76D77225E648}.Release|TwinCAT OS (x64).ActiveCfg = Release|TwinCAT RT (x64)
		{E4C31D2B-679A-4B63-A160-76D77225E648}.Release|TwinCAT OS (x64).Build.0 = Release|TwinCAT RT (x64)
		{E4C31D2B-679A-4B63-A160-76D77225E648}.Release|TwinCAT RT (x64).ActiveCfg = Release|TwinCAT RT (x64)
		{E4C31D2B-679A-4B63-A160-76D77225E648}.Release|TwinCAT RT (x64).Build.0 = Release|TwinCAT RT (x64)
		{E4C31D2B-679A-4B63-A160-76D77225E648}.Release|TwinCAT RT (x86).ActiveCfg = Release|TwinCAT RT (x86)
		{E4C31D2B-679A-4B63-A160-76D77225E648}.Release|TwinCAT RT (x86).Build.0 = Release|TwinCAT RT (x86)
		{E4C31D2B-679A-4B63-A160-76D77225E648}.Release|TwinCAT UM (x64).ActiveCfg = Release|TwinCAT RT (x64)
		{E4C31D2B-679A-4B63-A160-76D77225E648}.Release|TwinCAT UM (x64).Build.0 = Release|TwinCAT RT (x64)
		{E4C31D2B-679A-4B63-A160-76D77225E648}.Release|TwinCAT UM (x86).ActiveCfg = Release|TwinCAT RT (x86)
	EndGlobalSection
	GlobalSection(SolutionProperties) = preSolution
		HideSolutionNode = FALSE
	EndGlobalSection
	GlobalSection(ExtensibilityGlobals) = postSolution
		SolutionGuid = {40EF7325-3267-4B71-A4DE-44F75482F0A5}
	EndGlobalSection
EndGlobal
